// !$*UTF8*$!
{
	archiveVersion = 1;
	classes = {
	};
	objectVersion = 55;
	objects = {

/* Begin PBXBuildFile section */
		4091749E27BB44B7002375BB /* CounterApp2App.swift in Sources */ = {isa = PBXBuildFile; fileRef = 4091749D27BB44B7002375BB /* CounterApp2App.swift */; };
		409174A027BB44B7002375BB /* ContentView.swift in Sources */ = {isa = PBXBuildFile; fileRef = 4091749F27BB44B7002375BB /* ContentView.swift */; };
		409174A227BB44B9002375BB /* Assets.xcassets in Resources */ = {isa = PBXBuildFile; fileRef = 409174A127BB44B9002375BB /* Assets.xcassets */; };
		409174A527BB44B9002375BB /* Preview Assets.xcassets in Resources */ = {isa = PBXBuildFile; fileRef = 409174A427BB44B9002375BB /* Preview Assets.xcassets */; };
		409174AF27BB44B9002375BB /* CounterApp2Tests.swift in Sources */ = {isa = PBXBuildFile; fileRef = 409174AE27BB44B9002375BB /* CounterApp2Tests.swift */; };
		409174B927BB44B9002375BB /* CounterApp2UITests.swift in Sources */ = {isa = PBXBuildFile; fileRef = 409174B827BB44B9002375BB /* CounterApp2UITests.swift */; };
		409174BB27BB44B9002375BB /* CounterApp2UITestsLaunchTests.swift in Sources */ = {isa = PBXBuildFile; fileRef = 409174BA27BB44B9002375BB /* CounterApp2UITestsLaunchTests.swift */; };
/* End PBXBuildFile section */

/* Begin PBXContainerItemProxy section */
		409174AB27BB44B9002375BB /* PBXContainerItemProxy */ = {
			isa = PBXContainerItemProxy;
			containerPortal = 4091749227BB44B7002375BB /* Project object */;
			proxyType = 1;
			remoteGlobalIDString = 4091749927BB44B7002375BB;
			remoteInfo = CounterApp2;
		};
		409174B527BB44B9002375BB /* PBXContainerItemProxy */ = {
			isa = PBXContainerItemProxy;
			containerPortal = 4091749227BB44B7002375BB /* Project object */;
			proxyType = 1;
			remoteGlobalIDString = 4091749927BB44B7002375BB;
			remoteInfo = CounterApp2;
		};
/* End PBXContainerItemProxy section */

/* Begin PBXFileReference section */
		4091749A27BB44B7002375BB /* CounterApp2.app */ = {isa = PBXFileReference; explicitFileType = wrapper.application; includeInIndex = 0; path = CounterApp2.app; sourceTree = BUILT_PRODUCTS_DIR; };
		4091749D27BB44B7002375BB /* CounterApp2App.swift */ = {isa = PBXFileReference; lastKnownFileType = sourcecode.swift; path = CounterApp2App.swift; sourceTree = "<group>"; };
		4091749F27BB44B7002375BB /* ContentView.swift */ = {isa = PBXFileReference; lastKnownFileType = sourcecode.swift; path = ContentView.swift; sourceTree = "<group>"; };
		409174A127BB44B9002375BB /* Assets.xcassets */ = {isa = PBXFileReference; lastKnownFileType = folder.assetcatalog; path = Assets.xcassets; sourceTree = "<group>"; };
		409174A427BB44B9002375BB /* Preview Assets.xcassets */ = {isa = PBXFileReference; lastKnownFileType = folder.assetcatalog; path = "Preview Assets.xcassets"; sourceTree = "<group>"; };
		409174AA27BB44B9002375BB /* CounterApp2Tests.xctest */ = {isa = PBXFileReference; explicitFileType = wrapper.cfbundle; includeInIndex = 0; path = CounterApp2Tests.xctest; sourceTree = BUILT_PRODUCTS_DIR; };
		409174AE27BB44B9002375BB /* CounterApp2Tests.swift */ = {isa = PBXFileReference; lastKnownFileType = sourcecode.swift; path = CounterApp2Tests.swift; sourceTree = "<group>"; };
		409174B427BB44B9002375BB /* CounterApp2UITests.xctest */ = {isa = PBXFileReference; explicitFileType = wrapper.cfbundle; includeInIndex = 0; path = CounterApp2UITests.xctest; sourceTree = BUILT_PRODUCTS_DIR; };
		409174B827BB44B9002375BB /* CounterApp2UITests.swift */ = {isa = PBXFileReference; lastKnownFileType = sourcecode.swift; path = CounterApp2UITests.swift; sourceTree = "<group>"; };
		409174BA27BB44B9002375BB /* CounterApp2UITestsLaunchTests.swift */ = {isa = PBXFileReference; lastKnownFileType = sourcecode.swift; path = CounterApp2UITestsLaunchTests.swift; sourceTree = "<group>"; };
/* End PBXFileReference section */

/* Begin PBXFrameworksBuildPhase section */
		4091749727BB44B7002375BB /* Frameworks */ = {
			isa = PBXFrameworksBuildPhase;
			buildActionMask = 2147483647;
			files = (
			);
			runOnlyForDeploymentPostprocessing = 0;
		};
		409174A727BB44B9002375BB /* Frameworks */ = {
			isa = PBXFrameworksBuildPhase;
			buildActionMask = 2147483647;
			files = (
			);
			runOnlyForDeploymentPostprocessing = 0;
		};
		409174B127BB44B9002375BB /* Frameworks */ = {
			isa = PBXFrameworksBuildPhase;
			buildActionMask = 2147483647;
			files = (
			);
			runOnlyForDeploymentPostprocessing = 0;
		};
/* End PBXFrameworksBuildPhase section */

/* Begin PBXGroup section */
		4091749127BB44B7002375BB = {
			isa = PBXGroup;
			children = (
				4091749C27BB44B7002375BB /* CounterApp2 */,
				409174AD27BB44B9002375BB /* CounterApp2Tests */,
				409174B727BB44B9002375BB /* CounterApp2UITests */,
				4091749B27BB44B7002375BB /* Products */,
			);
			sourceTree = "<group>";
		};
		4091749B27BB44B7002375BB /* Products */ = {
			isa = PBXGroup;
			children = (
				4091749A27BB44B7002375BB /* CounterApp2.app */,
				409174AA27BB44B9002375BB /* CounterApp2Tests.xctest */,
				409174B427BB44B9002375BB /* CounterApp2UITests.xctest */,
			);
			name = Products;
			sourceTree = "<group>";
		};
		4091749C27BB44B7002375BB /* CounterApp2 */ = {
			isa = PBXGroup;
			children = (
				4091749D27BB44B7002375BB /* CounterApp2App.swift */,
				4091749F27BB44B7002375BB /* ContentView.swift */,
				409174A127BB44B9002375BB /* Assets.xcassets */,
				409174A327BB44B9002375BB /* Preview Content */,
			);
			path = CounterApp2;
			sourceTree = "<group>";
		};
		409174A327BB44B9002375BB /* Preview Content */ = {
			isa = PBXGroup;
			children = (
				409174A427BB44B9002375BB /* Preview Assets.xcassets */,
			);
			path = "Preview Content";
			sourceTree = "<group>";
		};
		409174AD27BB44B9002375BB /* CounterApp2Tests */ = {
			isa = PBXGroup;
			children = (
				409174AE27BB44B9002375BB /* CounterApp2Tests.swift */,
			);
			path = CounterApp2Tests;
			sourceTree = "<group>";
		};
		409174B727BB44B9002375BB /* CounterApp2UITests */ = {
			isa = PBXGroup;
			children = (
				409174B827BB44B9002375BB /* CounterApp2UITests.swift */,
				409174BA27BB44B9002375BB /* CounterApp2UITestsLaunchTests.swift */,
			);
			path = CounterApp2UITests;
			sourceTree = "<group>";
		};
/* End PBXGroup section */

/* Begin PBXNativeTarget section */
		4091749927BB44B7002375BB /* CounterApp2 */ = {
			isa = PBXNativeTarget;
			buildConfigurationList = 409174BE27BB44B9002375BB /* Build configuration list for PBXNativeTarget "CounterApp2" */;
			buildPhases = (
				4091749627BB44B7002375BB /* Sources */,
				4091749727BB44B7002375BB /* Frameworks */,
				4091749827BB44B7002375BB /* Resources */,
			);
			buildRules = (
			);
			dependencies = (
			);
			name = CounterApp2;
			productName = CounterApp2;
			productReference = 4091749A27BB44B7002375BB /* CounterApp2.app */;
			productType = "com.apple.product-type.application";
		};
		409174A927BB44B9002375BB /* CounterApp2Tests */ = {
			isa = PBXNativeTarget;
			buildConfigurationList = 409174C127BB44B9002375BB /* Build configuration list for PBXNativeTarget "CounterApp2Tests" */;
			buildPhases = (
				409174A627BB44B9002375BB /* Sources */,
				409174A727BB44B9002375BB /* Frameworks */,
				409174A827BB44B9002375BB /* Resources */,
			);
			buildRules = (
			);
			dependencies = (
				409174AC27BB44B9002375BB /* PBXTargetDependency */,
			);
			name = CounterApp2Tests;
			productName = CounterApp2Tests;
			productReference = 409174AA27BB44B9002375BB /* CounterApp2Tests.xctest */;
			productType = "com.apple.product-type.bundle.unit-test";
		};
		409174B327BB44B9002375BB /* CounterApp2UITests */ = {
			isa = PBXNativeTarget;
			buildConfigurationList = 409174C427BB44B9002375BB /* Build configuration list for PBXNativeTarget "CounterApp2UITests" */;
			buildPhases = (
				409174B027BB44B9002375BB /* Sources */,
				409174B127BB44B9002375BB /* Frameworks */,
				409174B227BB44B9002375BB /* Resources */,
			);
			buildRules = (
			);
			dependencies = (
				409174B627BB44B9002375BB /* PBXTargetDependency */,
			);
			name = CounterApp2UITests;
			productName = CounterApp2UITests;
			productReference = 409174B427BB44B9002375BB /* CounterApp2UITests.xctest */;
			productType = "com.apple.product-type.bundle.ui-testing";
		};
/* End PBXNativeTarget section */

/* Begin PBXProject section */
		4091749227BB44B7002375BB /* Project object */ = {
			isa = PBXProject;
			attributes = {
				BuildIndependentTargetsInParallel = 1;
				LastSwiftUpdateCheck = 1320;
				LastUpgradeCheck = 1320;
				TargetAttributes = {
					4091749927BB44B7002375BB = {
						CreatedOnToolsVersion = 13.2.1;
					};
					409174A927BB44B9002375BB = {
						CreatedOnToolsVersion = 13.2.1;
						TestTargetID = 4091749927BB44B7002375BB;
					};
					409174B327BB44B9002375BB = {
						CreatedOnToolsVersion = 13.2.1;
						TestTargetID = 4091749927BB44B7002375BB;
					};
				};
			};
			buildConfigurationList = 4091749527BB44B7002375BB /* Build configuration list for PBXProject "CounterApp2" */;
			compatibilityVersion = "Xcode 13.0";
			developmentRegion = en;
			hasScannedForEncodings = 0;
			knownRegions = (
				en,
				Base,
			);
			mainGroup = 4091749127BB44B7002375BB;
			productRefGroup = 4091749B27BB44B7002375BB /* Products */;
			projectDirPath = "";
			projectRoot = "";
			targets = (
				4091749927BB44B7002375BB /* CounterApp2 */,
				409174A927BB44B9002375BB /* CounterApp2Tests */,
				409174B327BB44B9002375BB /* CounterApp2UITests */,
			);
		};
/* End PBXProject section */

/* Begin PBXResourcesBuildPhase section */
		4091749827BB44B7002375BB /* Resources */ = {
			isa = PBXResourcesBuildPhase;
			buildActionMask = 2147483647;
			files = (
				409174A527BB44B9002375BB /* Preview Assets.xcassets in Resources */,
				409174A227BB44B9002375BB /* Assets.xcassets in Resources */,
			);
			runOnlyForDeploymentPostprocessing = 0;
		};
		409174A827BB44B9002375BB /* Resources */ = {
			isa = PBXResourcesBuildPhase;
			buildActionMask = 2147483647;
			files = (
			);
			runOnlyForDeploymentPostprocessing = 0;
		};
		409174B227BB44B9002375BB /* Resources */ = {
			isa = PBXResourcesBuildPhase;
			buildActionMask = 2147483647;
			files = (
			);
			runOnlyForDeploymentPostprocessing = 0;
		};
/* End PBXResourcesBuildPhase section */

/* Begin PBXSourcesBuildPhase section */
		4091749627BB44B7002375BB /* Sources */ = {
			isa = PBXSourcesBuildPhase;
			buildActionMask = 2147483647;
			files = (
				409174A027BB44B7002375BB /* ContentView.swift in Sources */,
				4091749E27BB44B7002375BB /* CounterApp2App.swift in Sources */,
			);
			runOnlyForDeploymentPostprocessing = 0;
		};
		409174A627BB44B9002375BB /* Sources */ = {
			isa = PBXSourcesBuildPhase;
			buildActionMask = 2147483647;
			files = (
				409174AF27BB44B9002375BB /* CounterApp2Tests.swift in Sources */,
			);
			runOnlyForDeploymentPostprocessing = 0;
		};
		409174B027BB44B9002375BB /* Sources */ = {
			isa = PBXSourcesBuildPhase;
			buildActionMask = 2147483647;
			files = (
				409174BB27BB44B9002375BB /* CounterApp2UITestsLaunchTests.swift in Sources */,
				409174B927BB44B9002375BB /* CounterApp2UITests.swift in Sources */,
			);
			runOnlyForDeploymentPostprocessing = 0;
		};
/* End PBXSourcesBuildPhase section */

/* Begin PBXTargetDependency section */
		409174AC27BB44B9002375BB /* PBXTargetDependency */ = {
			isa = PBXTargetDependency;
			target = 4091749927BB44B7002375BB /* CounterApp2 */;
			targetProxy = 409174AB27BB44B9002375BB /* PBXContainerItemProxy */;
		};
		409174B627BB44B9002375BB /* PBXTargetDependency */ = {
			isa = PBXTargetDependency;
			target = 4091749927BB44B7002375BB /* CounterApp2 */;
			targetProxy = 409174B527BB44B9002375BB /* PBXContainerItemProxy */;
		};
/* End PBXTargetDependency section */

/* Begin XCBuildConfiguration section */
		409174BC27BB44B9002375BB /* Debug */ = {
			isa = XCBuildConfiguration;
			buildSettings = {
				ALWAYS_SEARCH_USER_PATHS = NO;
				CLANG_ANALYZER_NONNULL = YES;
				CLANG_ANALYZER_NUMBER_OBJECT_CONVERSION = YES_AGGRESSIVE;
				CLANG_CXX_LANGUAGE_STANDARD = "gnu++17";
				CLANG_CXX_LIBRARY = "libc++";
				CLANG_ENABLE_MODULES = YES;
				CLANG_ENABLE_OBJC_ARC = YES;
				CLANG_ENABLE_OBJC_WEAK = YES;
				CLANG_WARN_BLOCK_CAPTURE_AUTORELEASING = YES;
				CLANG_WARN_BOOL_CONVERSION = YES;
				CLANG_WARN_COMMA = YES;
				CLANG_WARN_CONSTANT_CONVERSION = YES;
				CLANG_WARN_DEPRECATED_OBJC_IMPLEMENTATIONS = YES;
				CLANG_WARN_DIRECT_OBJC_ISA_USAGE = YES_ERROR;
				CLANG_WARN_DOCUMENTATION_COMMENTS = YES;
				CLANG_WARN_EMPTY_BODY = YES;
				CLANG_WARN_ENUM_CONVERSION = YES;
				CLANG_WARN_INFINITE_RECURSION = YES;
				CLANG_WARN_INT_CONVERSION = YES;
				CLANG_WARN_NON_LITERAL_NULL_CONVERSION = YES;
				CLANG_WARN_OBJC_IMPLICIT_RETAIN_SELF = YES;
				CLANG_WARN_OBJC_LITERAL_CONVERSION = YES;
				CLANG_WARN_OBJC_ROOT_CLASS = YES_ERROR;
				CLANG_WARN_QUOTED_INCLUDE_IN_FRAMEWORK_HEADER = YES;
				CLANG_WARN_RANGE_LOOP_ANALYSIS = YES;
				CLANG_WARN_STRICT_PROTOTYPES = YES;
				CLANG_WARN_SUSPICIOUS_MOVE = YES;
				CLANG_WARN_UNGUARDED_AVAILABILITY = YES_AGGRESSIVE;
				CLANG_WARN_UNREACHABLE_CODE = YES;
				CLANG_WARN__DUPLICATE_METHOD_MATCH = YES;
				COPY_PHASE_STRIP = NO;
				DEBUG_INFORMATION_FORMAT = dwarf;
				ENABLE_STRICT_OBJC_MSGSEND = YES;
				ENABLE_TESTABILITY = YES;
				GCC_C_LANGUAGE_STANDARD = gnu11;
				GCC_DYNAMIC_NO_PIC = NO;
				GCC_NO_COMMON_BLOCKS = YES;
				GCC_OPTIMIZATION_LEVEL = 0;
				GCC_PREPROCESSOR_DEFINITIONS = (
					"DEBUG=1",
					"$(inherited)",
				);
				GCC_WARN_64_TO_32_BIT_CONVERSION = YES;
				GCC_WARN_ABOUT_RETURN_TYPE = YES_ERROR;
				GCC_WARN_UNDECLARED_SELECTOR = YES;
				GCC_WARN_UNINITIALIZED_AUTOS = YES_AGGRESSIVE;
				GCC_WARN_UNUSED_FUNCTION = YES;
				GCC_WARN_UNUSED_VARIABLE = YES;
				IPHONEOS_DEPLOYMENT_TARGET = 15.2;
				MTL_ENABLE_DEBUG_INFO = INCLUDE_SOURCE;
				MTL_FAST_MATH = YES;
				ONLY_ACTIVE_ARCH = YES;
				SDKROOT = iphoneos;
				SWIFT_ACTIVE_COMPILATION_CONDITIONS = DEBUG;
				SWIFT_OPTIMIZATION_LEVEL = "-Onone";
			};
			name = Debug;
		};
		409174BD27BB44B9002375BB /* Release */ = {
			isa = XCBuildConfiguration;
			buildSettings = {
				ALWAYS_SEARCH_USER_PATHS = NO;
				CLANG_ANALYZER_NONNULL = YES;
				CLANG_ANALYZER_NUMBER_OBJECT_CONVERSION = YES_AGGRESSIVE;
				CLANG_CXX_LANGUAGE_STANDARD = "gnu++17";
				CLANG_CXX_LIBRARY = "libc++";
				CLANG_ENABLE_MODULES = YES;
				CLANG_ENABLE_OBJC_ARC = YES;
				CLANG_ENABLE_OBJC_WEAK = YES;
				CLANG_WARN_BLOCK_CAPTURE_AUTORELEASING = YES;
				CLANG_WARN_BOOL_CONVERSION = YES;
				CLANG_WARN_COMMA = YES;
				CLANG_WARN_CONSTANT_CONVERSION = YES;
				CLANG_WARN_DEPRECATED_OBJC_IMPLEMENTATIONS = YES;
				CLANG_WARN_DIRECT_OBJC_ISA_USAGE = YES_ERROR;
				CLANG_WARN_DOCUMENTATION_COMMENTS = YES;
				CLANG_WARN_EMPTY_BODY = YES;
				CLANG_WARN_ENUM_CONVERSION = YES;
				CLANG_WARN_INFINITE_RECURSION = YES;
				CLANG_WARN_INT_CONVERSION = YES;
				CLANG_WARN_NON_LITERAL_NULL_CONVERSION = YES;
				CLANG_WARN_OBJC_IMPLICIT_RETAIN_SELF = YES;
				CLANG_WARN_OBJC_LITERAL_CONVERSION = YES;
				CLANG_WARN_OBJC_ROOT_CLASS = YES_ERROR;
				CLANG_WARN_QUOTED_INCLUDE_IN_FRAMEWORK_HEADER = YES;
				CLANG_WARN_RANGE_LOOP_ANALYSIS = YES;
				CLANG_WARN_STRICT_PROTOTYPES = YES;
				CLANG_WARN_SUSPICIOUS_MOVE = YES;
				CLANG_WARN_UNGUARDED_AVAILABILITY = YES_AGGRESSIVE;
				CLANG_WARN_UNREACHABLE_CODE = YES;
				CLANG_WARN__DUPLICATE_METHOD_MATCH = YES;
				COPY_PHASE_STRIP = NO;
				DEBUG_INFORMATION_FORMAT = "dwarf-with-dsym";
				ENABLE_NS_ASSERTIONS = NO;
				ENABLE_STRICT_OBJC_MSGSEND = YES;
				GCC_C_LANGUAGE_STANDARD = gnu11;
				GCC_NO_COMMON_BLOCKS = YES;
				GCC_WARN_64_TO_32_BIT_CONVERSION = YES;
				GCC_WARN_ABOUT_RETURN_TYPE = YES_ERROR;
				GCC_WARN_UNDECLARED_SELECTOR = YES;
				GCC_WARN_UNINITIALIZED_AUTOS = YES_AGGRESSIVE;
				GCC_WARN_UNUSED_FUNCTION = YES;
				GCC_WARN_UNUSED_VARIABLE = YES;
				IPHONEOS_DEPLOYMENT_TARGET = 15.2;
				MTL_ENABLE_DEBUG_INFO = NO;
				MTL_FAST_MATH = YES;
				SDKROOT = iphoneos;
				SWIFT_COMPILATION_MODE = wholemodule;
				SWIFT_OPTIMIZATION_LEVEL = "-O";
				VALIDATE_PRODUCT = YES;
			};
			name = Release;
		};
		409174BF27BB44B9002375BB /* Debug */ = {
			isa = XCBuildConfiguration;
			buildSettings = {
				ASSETCATALOG_COMPILER_APPICON_NAME = AppIcon;
				ASSETCATALOG_COMPILER_GLOBAL_ACCENT_COLOR_NAME = AccentColor;
				CODE_SIGN_STYLE = Automatic;
				CURRENT_PROJECT_VERSION = 1;
				DEVELOPMENT_ASSET_PATHS = "\"CounterApp2/Preview Content\"";
				DEVELOPMENT_TEAM = GR7S8HL7UM;
				ENABLE_PREVIEWS = YES;
				GENERATE_INFOPLIST_FILE = YES;
				INFOPLIST_KEY_UIApplicationSceneManifest_Generation = YES;
				INFOPLIST_KEY_UIApplicationSupportsIndirectInputEvents = YES;
				INFOPLIST_KEY_UILaunchScreen_Generation = YES;
				INFOPLIST_KEY_UISupportedInterfaceOrientations_iPad = "UIInterfaceOrientationPortrait UIInterfaceOrientationPortraitUpsideDown UIInterfaceOrientationLandscapeLeft UIInterfaceOrientationLandscapeRight";
				INFOPLIST_KEY_UISupportedInterfaceOrientations_iPhone = "UIInterfaceOrientationPortrait UIInterfaceOrientationLandscapeLeft UIInterfaceOrientationLandscapeRight";
				LD_RUNPATH_SEARCH_PATHS = (
					"$(inherited)",
					"@executable_path/Frameworks",
				);
				MARKETING_VERSION = 1.0;
				PRODUCT_BUNDLE_IDENTIFIER = com.Hidy.CounterApp2;
				PRODUCT_NAME = "$(TARGET_NAME)";
				SWIFT_EMIT_LOC_STRINGS = YES;
				SWIFT_VERSION = 5.0;
				TARGETED_DEVICE_FAMILY = "1,2";
			};
			name = Debug;
		};
		409174C027BB44B9002375BB /* Release */ = {
			isa = XCBuildConfiguration;
			buildSettings = {
				ASSETCATALOG_COMPILER_APPICON_NAME = AppIcon;
				ASSETCATALOG_COMPILER_GLOBAL_ACCENT_COLOR_NAME = AccentColor;
				CODE_SIGN_STYLE = Automatic;
				CURRENT_PROJECT_VERSION = 1;
				DEVELOPMENT_ASSET_PATHS = "\"CounterApp2/Preview Content\"";
				DEVELOPMENT_TEAM = GR7S8HL7UM;
				ENABLE_PREVIEWS = YES;
				GENERATE_INFOPLIST_FILE = YES;
				INFOPLIST_KEY_UIApplicationSceneManifest_Generation = YES;
				INFOPLIST_KEY_UIApplicationSupportsIndirectInputEvents = YES;
				INFOPLIST_KEY_UILaunchScreen_Generation = YES;
				INFOPLIST_KEY_UISupportedInterfaceOrientations_iPad = "UIInterfaceOrientationPortrait UIInterfaceOrientationPortraitUpsideDown UIInterfaceOrientationLandscapeLeft UIInterfaceOrientationLandscapeRight";
				INFOPLIST_KEY_UISupportedInterfaceOrientations_iPhone = "UIInterfaceOrientationPortrait UIInterfaceOrientationLandscapeLeft UIInterfaceOrientationLandscapeRight";
				LD_RUNPATH_SEARCH_PATHS = (
					"$(inherited)",
					"@executable_path/Frameworks",
				);
				MARKETING_VERSION = 1.0;
				PRODUCT_BUNDLE_IDENTIFIER = com.Hidy.CounterApp2;
				PRODUCT_NAME = "$(TARGET_NAME)";
				SWIFT_EMIT_LOC_STRINGS = YES;
				SWIFT_VERSION = 5.0;
				TARGETED_DEVICE_FAMILY = "1,2";
			};
			name = Release;
		};
		409174C227BB44B9002375BB /* Debug */ = {
			isa = XCBuildConfiguration;
			buildSettings = {
				ALWAYS_EMBED_SWIFT_STANDARD_LIBRARIES = YES;
				BUNDLE_LOADER = "$(TEST_HOST)";
				CODE_SIGN_STYLE = Automatic;
				CURRENT_PROJECT_VERSION = 1;
				DEVELOPMENT_TEAM = GR7S8HL7UM;
				GENERATE_INFOPLIST_FILE = YES;
				IPHONEOS_DEPLOYMENT_TARGET = 15.2;
				MARKETING_VERSION = 1.0;
				PRODUCT_BUNDLE_IDENTIFIER = com.Hidy.CounterApp2Tests;
				PRODUCT_NAME = "$(TARGET_NAME)";
				SWIFT_EMIT_LOC_STRINGS = NO;
				SWIFT_VERSION = 5.0;
				TARGETED_DEVICE_FAMILY = "1,2";
				TEST_HOST = "$(BUILT_PRODUCTS_DIR)/CounterApp2.app/CounterApp2";
			};
			name = Debug;
		};
		409174C327BB44B9002375BB /* Release */ = {
			isa = XCBuildConfiguration;
			buildSettings = {
				ALWAYS_EMBED_SWIFT_STANDARD_LIBRARIES = YES;
				BUNDLE_LOADER = "$(TEST_HOST)";
				CODE_SIGN_STYLE = Automatic;
				CURRENT_PROJECT_VERSION = 1;
				DEVELOPMENT_TEAM = GR7S8HL7UM;
				GENERATE_INFOPLIST_FILE = YES;
				IPHONEOS_DEPLOYMENT_TARGET = 15.2;
				MARKETING_VERSION = 1.0;
				PRODUCT_BUNDLE_IDENTIFIER = com.Hidy.CounterApp2Tests;
				PRODUCT_NAME = "$(TARGET_NAME)";
				SWIFT_EMIT_LOC_STRINGS = NO;
				SWIFT_VERSION = 5.0;
				TARGETED_DEVICE_FAMILY = "1,2";
				TEST_HOST = "$(BUILT_PRODUCTS_DIR)/CounterApp2.app/CounterApp2";
			};
			name = Release;
		};
		409174C527BB44B9002375BB /* Debug */ = {
			isa = XCBuildConfiguration;
			buildSettings = {
				ALWAYS_EMBED_SWIFT_STANDARD_LIBRARIES = YES;
				CODE_SIGN_STYLE = Automatic;
				CURRENT_PROJECT_VERSION = 1;
				DEVELOPMENT_TEAM = GR7S8HL7UM;
				GENERATE_INFOPLIST_FILE = YES;
				MARKETING_VERSION = 1.0;
				PRODUCT_BUNDLE_IDENTIFIER = com.Hidy.CounterApp2UITests;
				PRODUCT_NAME = "$(TARGET_NAME)";
				SWIFT_EMIT_LOC_STRINGS = NO;
				SWIFT_VERSION = 5.0;
				TARGETED_DEVICE_FAMILY = "1,2";
				TEST_TARGET_NAME = CounterApp2;
			};
			name = Debug;
		};
		409174C627BB44B9002375BB /* Release */ = {
			isa = XCBuildConfiguration;
			buildSettings = {
				ALWAYS_EMBED_SWIFT_STANDARD_LIBRARIES = YES;
				CODE_SIGN_STYLE = Automatic;
				CURRENT_PROJECT_VERSION = 1;
				DEVELOPMENT_TEAM = GR7S8HL7UM;
				GENERATE_INFOPLIST_FILE = YES;
				MARKETING_VERSION = 1.0;
				PRODUCT_BUNDLE_IDENTIFIER = com.Hidy.CounterApp2UITests;
				PRODUCT_NAME = "$(TARGET_NAME)";
				SWIFT_EMIT_LOC_STRINGS = NO;
				SWIFT_VERSION = 5.0;
				TARGETED_DEVICE_FAMILY = "1,2";
				TEST_TARGET_NAME = CounterApp2;
			};
			name = Release;
		};
/* End XCBuildConfiguration section */

/* Begin XCConfigurationList section */
		4091749527BB44B7002375BB /* Build configuration list for PBXProject "CounterApp2" */ = {
			isa = XCConfigurationList;
			buildConfigurations = (
				409174BC27BB44B9002375BB /* Debug */,
				409174BD27BB44B9002375BB /* Release */,
			);
			defaultConfigurationIsVisible = 0;
			defaultConfigurationName = Release;
		};
		409174BE27BB44B9002375BB /* Build configuration list for PBXNativeTarget "CounterApp2" */ = {
			isa = XCConfigurationList;
			buildConfigurations = (
				409174BF27BB44B9002375BB /* Debug */,
				409174C027BB44B9002375BB /* Release */,
			);
			defaultConfigurationIsVisible = 0;
			defaultConfigurationName = Release;
		};
		409174C127BB44B9002375BB /* Build configuration list for PBXNativeTarget "CounterApp2Tests" */ = {
			isa = XCConfigurationList;
			buildConfigurations = (
				409174C227BB44B9002375BB /* Debug */,
				409174C327BB44B9002375BB /* Release */,
			);
			defaultConfigurationIsVisible = 0;
			defaultConfigurationName = Release;
		};
		409174C427BB44B9002375BB /* Build configuration list for PBXNativeTarget "CounterApp2UITests" */ = {
			isa = XCConfigurationList;
			buildConfigurations = (
				409174C527BB44B9002375BB /* Debug */,
				409174C627BB44B9002375BB /* Release */,
			);
			defaultConfigurationIsVisible = 0;
			defaultConfigurationName = Release;
		};
/* End XCConfigurationList section */
	};
	rootObject = 4091749227BB44B7002375BB /* Project object */;
}
